<?xml version="1.0" encoding="utf-8"?>
<Project ToolsVersion="4.0" xmlns="http://schemas.microsoft.com/developer/msbuild/2003">
  <ItemGroup>
    <Filter Include="Source Files">
      <UniqueIdentifier>{4FC737F1-C7A5-4376-A066-2A32D752A2FF}</UniqueIdentifier>
      <Extensions>cpp;c;cc;cxx;def;odl;idl;hpj;bat;asm;asmx</Extensions>
    </Filter>
    <Filter Include="Header Files">
      <UniqueIdentifier>{93995380-89BD-4b04-88EB-625FBE52EBFB}</UniqueIdentifier>
      <Extensions>h;hh;hpp;hxx;hm;inl;inc;xsd</Extensions>
    </Filter>
    <Filter Include="Resource Files">
      <UniqueIdentifier>{D9D6E242-F8AF-46E4-B9FD-80ECBC20BA3E}</UniqueIdentifier>
      <Extensions>qrc;*</Extensions>
      <ParseFiles>false</ParseFiles>
    </Filter>
    <Filter Include="Form Files">
      <UniqueIdentifier>{99349809-55BA-4b9d-BF79-8FDBB0286EB3}</UniqueIdentifier>
      <Extensions>ui</Extensions>
    </Filter>
    <Filter Include="Resource Files">
      <UniqueIdentifier>{D9D6E242-F8AF-46E4-B9FD-80ECBC20BA3E}</UniqueIdentifier>
      <Extensions>qrc;*</Extensions>
      <ParseFiles>false</ParseFiles>
    </Filter>
    <Filter Include="Generated Files">
      <UniqueIdentifier>{71ED8ED8-ACB9-4CE9-BBE1-E00B30144E11}</UniqueIdentifier>
      <Extensions>moc;h;cpp</Extensions>
      <SourceControlFiles>False</SourceControlFiles>
    </Filter>
    <Filter Include="Header Files\GUI">
      <UniqueIdentifier>{06c81b07-bb00-4534-8254-c134ad7291c5}</UniqueIdentifier>
    </Filter>
    <Filter Include="Source Files\GUI">
      <UniqueIdentifier>{29b8b41e-d897-43f8-803d-6b6e5e30ede5}</UniqueIdentifier>
    </Filter>
    <Filter Include="Header Files\app">
      <UniqueIdentifier>{7e0203b6-9d24-421b-a02c-aa2949d79c67}</UniqueIdentifier>
    </Filter>
    <Filter Include="Source Files\app">
      <UniqueIdentifier>{0aaa113f-7ba0-452c-a7ef-27381eacb2ed}</UniqueIdentifier>
    </Filter>
  </ItemGroup>
  <ItemGroup>
    <ClCompile Include="Admin.cpp">
      <Filter>Source Files\GUI</Filter>
    </ClCompile>
    <ClCompile Include="clientMenu.cpp">
      <Filter>Source Files\GUI</Filter>
    </ClCompile>
    <ClCompile Include="Greetings.cpp">
      <Filter>Source Files\GUI</Filter>
    </ClCompile>
    <ClCompile Include="main.cpp">
      <Filter>Source Files</Filter>
    </ClCompile>
    <ClCompile Include="QtGuiApplication1.cpp">
      <Filter>Source Files\GUI</Filter>
    </ClCompile>
    <ClCompile Include="Ui.cpp">
      <Filter>Source Files\GUI</Filter>
    </ClCompile>
    <ClCompile Include="..\..\Proj 3 oop\Proj 3 oop\repoo.cpp">
      <Filter>Source Files\app</Filter>
    </ClCompile>
    <ClCompile Include="..\..\Proj 3 oop\Proj 3 oop\ValidatorOferte.cpp">
      <Filter>Source Files\app</Filter>
    </ClCompile>
    <ClCompile Include="Controller.cpp">
      <Filter>Source Files\app</Filter>
    </ClCompile>
    <ClCompile Include="ViewWishList.cpp">
      <Filter>Source Files\GUI</Filter>
    </ClCompile>
    <ClCompile Include="Observer.cpp">
      <Filter>Source Files\app</Filter>
    </ClCompile>
    <ClCompile Include="Oferta.cpp">
      <Filter>Source Files\app</Filter>
    </ClCompile>
    <ClCompile Include="WishList.cpp">
      <Filter>Source Files\app</Filter>
    </ClCompile>
  </ItemGroup>
  <ItemGroup>
    <QtUic Include="QtGuiApplication1.ui">
      <Filter>Form Files</Filter>
    </QtUic>
  </ItemGroup>
  <ItemGroup>
    <QtRcc Include="QtGuiApplication1.qrc">
      <Filter>Resource Files</Filter>
    </QtRcc>
  </ItemGroup>
  <ItemGroup>
    <ClInclude Include="clientMenu.h">
      <Filter>Header Files\GUI</Filter>
    </ClInclude>
    <ClInclude Include="Greetings.h">
      <Filter>Header Files\GUI</Filter>
    </ClInclude>
    <ClInclude Include="Ui.h">
      <Filter>Header Files\GUI</Filter>
    </ClInclude>
    <ClInclude Include="..\..\Proj 3 oop\Proj 3 oop\Oferta.h">
      <Filter>Header Files\app</Filter>
    </ClInclude>
    <ClInclude Include="..\..\Proj 3 oop\Proj 3 oop\repo.h">
      <Filter>Header Files\app</Filter>
    </ClInclude>
    <ClInclude Include="..\..\Proj 3 oop\Proj 3 oop\ValidatorOferte.h">
      <Filter>Header Files\app</Filter>
    </ClInclude>
    <ClInclude Include="resource.h">
      <Filter>Header Files</Filter>
    </ClInclude>
    <ClInclude Include="Observer.h">
      <Filter>Header Files\app</Filter>
    </ClInclude>
    <ClInclude Include="ViewWishList.h">
      <Filter>Header Files\GUI</Filter>
    </ClInclude>
    <ClInclude Include="WishList.h">
      <Filter>Header Files\app</Filter>
    </ClInclude>
    <ClInclude Include="undo.h">
      <Filter>Header Files\app</Filter>
    </ClInclude>
    <ClInclude Include="Controller.h">
      <Filter>Header Files\app</Filter>
    </ClInclude>
  </ItemGroup>
  <ItemGroup>
    <QtMoc Include="QtGuiApplication1.h">
      <Filter>Header Files\GUI</Filter>
    </QtMoc>
    <QtMoc Include="Admin.h">
      <Filter>Header Files\GUI</Filter>
    </QtMoc>
  </ItemGroup>
  <ItemGroup>
    <None Include="ClassDiagram.cd" />
    <None Include="sound1.bin" />
  </ItemGroup>
  <ItemGroup>
    <ResourceCompile Include="QtGuiApplication1.rc" />
  </ItemGroup>
  <ItemGroup>
    <Media Include="ameno.mp3" />
  </ItemGroup>
</Project>